
Microsoft Visual Studio Solution File, Format Version 11.00
# Visual Studio 2010
Project("{FAE04EC0-301F-11D3-BF4B-00C04F79EFBC}") = "UnityEngine.UI", "UnityEngine.UI.csproj", "{7a5f382e-adcb-ba22-9058-953793997993}"
EndProject
Project("{FAE04EC0-301F-11D3-BF4B-00C04F79EFBC}") = "UnityEngine.UIElementsModule", "UnityEngine.UIElementsModule.csproj", "{75cb9ddc-b056-610d-05a7-7af2d6bcf5b9}"
EndProject
Project("{FAE04EC0-301F-11D3-BF4B-00C04F79EFBC}") = "UnityEngine.TestRunner", "UnityEngine.TestRunner.csproj", "{2042df2d-3062-a248-e0f0-5c64bfd75607}"
EndProject
Project("{FAE04EC0-301F-11D3-BF4B-00C04F79EFBC}") = "UnityEngine.TextCoreTextEngineModule", "UnityEngine.TextCoreTextEngineModule.csproj", "{75f3c03b-db9a-be0e-f511-c7d2eeb95484}"
EndProject
Project("{FAE04EC0-301F-11D3-BF4B-00C04F79EFBC}") = "Unity.Timeline", "Unity.Timeline.csproj", "{d4f6a7c7-4787-1deb-0474-b3e602afa792}"
EndProject
Project("{FAE04EC0-301F-11D3-BF4B-00C04F79EFBC}") = "Assembly-CSharp", "Assembly-CSharp.csproj", "{1d4eb2b5-74be-9d65-255c-f04a53c4e070}"
EndProject
Project("{FAE04EC0-301F-11D3-BF4B-00C04F79EFBC}") = "Unity.TextMeshPro", "Unity.TextMeshPro.csproj", "{4d1d4277-64eb-397f-3020-2952fc50679f}"
EndProject
Project("{FAE04EC0-301F-11D3-BF4B-00C04F79EFBC}") = "Assembly-CSharp-firstpass", "Assembly-CSharp-firstpass.csproj", "{eb9a04d0-06fb-577a-db02-b83b76ce692e}"
EndProject
Project("{FAE04EC0-301F-11D3-BF4B-00C04F79EFBC}") = "UnityEngine.UIElementsInputSystemModule", "UnityEngine.UIElementsInputSystemModule.csproj", "{904b883f-0f87-c828-9666-d5fc6ddb8364}"
EndProject
Project("{FAE04EC0-301F-11D3-BF4B-00C04F79EFBC}") = "UnityEditor.TestRunner", "UnityEditor.TestRunner.csproj", "{a2f41486-6fe6-32b9-0946-8c5a8ce11916}"
EndProject
Project("{FAE04EC0-301F-11D3-BF4B-00C04F79EFBC}") = "UnityEditor.UIElementsModule", "UnityEditor.UIElementsModule.csproj", "{f025d72d-a3c8-be90-9a45-046b82befdc3}"
EndProject
Project("{FAE04EC0-301F-11D3-BF4B-00C04F79EFBC}") = "UnityEditor.TextCoreTextEngineModule", "UnityEditor.TextCoreTextEngineModule.csproj", "{a60b07e2-5bea-c1b3-def3-7c56f6d98bed}"
EndProject
Project("{FAE04EC0-301F-11D3-BF4B-00C04F79EFBC}") = "Unity.PlasticSCM.Editor", "Unity.PlasticSCM.Editor.csproj", "{c72236a9-91b4-c9b8-04db-4087560bf3cd}"
EndProject
Project("{FAE04EC0-301F-11D3-BF4B-00C04F79EFBC}") = "Unity.Services.Core.Editor", "Unity.Services.Core.Editor.csproj", "{f44ff068-b28a-911f-e167-8d796f5b8577}"
EndProject
Project("{FAE04EC0-301F-11D3-BF4B-00C04F79EFBC}") = "UnityEditor.UI", "UnityEditor.UI.csproj", "{76970f1d-2362-3cc4-8fd1-20a11add5ef8}"
EndProject
Project("{FAE04EC0-301F-11D3-BF4B-00C04F79EFBC}") = "Unity.VisualStudio.Editor", "Unity.VisualStudio.Editor.csproj", "{413c96f5-64b2-6e78-cc9a-91497c54cc2f}"
EndProject
Project("{FAE04EC0-301F-11D3-BF4B-00C04F79EFBC}") = "Unity.Timeline.Editor", "Unity.Timeline.Editor.csproj", "{b1089e7c-8f49-7e79-3462-ff3247f74a0b}"
EndProject
Project("{FAE04EC0-301F-11D3-BF4B-00C04F79EFBC}") = "Unity.TextMeshPro.Editor", "Unity.TextMeshPro.Editor.csproj", "{4e45a857-4d8a-ad68-204c-d8075070edd3}"
EndProject
Project("{FAE04EC0-301F-11D3-BF4B-00C04F79EFBC}") = "Unity.CollabProxy.Editor", "Unity.CollabProxy.Editor.csproj", "{62c15e5f-44fe-10c8-83dc-f47fd7d704c4}"
EndProject
Project("{FAE04EC0-301F-11D3-BF4B-00C04F79EFBC}") = "Unity.Rider.Editor", "Unity.Rider.Editor.csproj", "{25b50405-53cb-1571-4816-40d8341a0e49}"
EndProject
Project("{FAE04EC0-301F-11D3-BF4B-00C04F79EFBC}") = "Unity.VSCode.Editor", "Unity.VSCode.Editor.csproj", "{c7b8f6d1-a18d-978c-9620-22498d7e5457}"
EndProject
Project("{FAE04EC0-301F-11D3-BF4B-00C04F79EFBC}") = "Assembly-CSharp-Editor-firstpass", "Assembly-CSharp-Editor-firstpass.csproj", "{690c7157-79a7-83f8-ab90-6c776e71dd1a}"
EndProject
Project("{FAE04EC0-301F-11D3-BF4B-00C04F79EFBC}") = "UnityEditor.UIElementsInputSystemModule", "UnityEditor.UIElementsInputSystemModule.csproj", "{65241aed-95c7-abd5-3908-935061728f8c}"
EndProject
Global
	GlobalSection(SolutionConfigurationPlatforms) = preSolution
		Debug|Any CPU = Debug|Any CPU
	EndGlobalSection
	GlobalSection(ProjectConfigurationPlatforms) = postSolution
		{7a5f382e-adcb-ba22-9058-953793997993}.Debug|Any CPU.ActiveCfg = Debug|Any CPU
		{7a5f382e-adcb-ba22-9058-953793997993}.Debug|Any CPU.Build.0 = Debug|Any CPU
		{75cb9ddc-b056-610d-05a7-7af2d6bcf5b9}.Debug|Any CPU.ActiveCfg = Debug|Any CPU
		{75cb9ddc-b056-610d-05a7-7af2d6bcf5b9}.Debug|Any CPU.Build.0 = Debug|Any CPU
		{2042df2d-3062-a248-e0f0-5c64bfd75607}.Debug|Any CPU.ActiveCfg = Debug|Any CPU
		{2042df2d-3062-a248-e0f0-5c64bfd75607}.Debug|Any CPU.Build.0 = Debug|Any CPU
		{75f3c03b-db9a-be0e-f511-c7d2eeb95484}.Debug|Any CPU.ActiveCfg = Debug|Any CPU
		{75f3c03b-db9a-be0e-f511-c7d2eeb95484}.Debug|Any CPU.Build.0 = Debug|Any CPU
		{d4f6a7c7-4787-1deb-0474-b3e602afa792}.Debug|Any CPU.ActiveCfg = Debug|Any CPU
		{d4f6a7c7-4787-1deb-0474-b3e602afa792}.Debug|Any CPU.Build.0 = Debug|Any CPU
		{1d4eb2b5-74be-9d65-255c-f04a53c4e070}.Debug|Any CPU.ActiveCfg = Debug|Any CPU
		{1d4eb2b5-74be-9d65-255c-f04a53c4e070}.Debug|Any CPU.Build.0 = Debug|Any CPU
		{4d1d4277-64eb-397f-3020-2952fc50679f}.Debug|Any CPU.ActiveCfg = Debug|Any CPU
		{4d1d4277-64eb-397f-3020-2952fc50679f}.Debug|Any CPU.Build.0 = Debug|Any CPU
		{eb9a04d0-06fb-577a-db02-b83b76ce692e}.Debug|Any CPU.ActiveCfg = Debug|Any CPU
		{eb9a04d0-06fb-577a-db02-b83b76ce692e}.Debug|Any CPU.Build.0 = Debug|Any CPU
		{904b883f-0f87-c828-9666-d5fc6ddb8364}.Debug|Any CPU.ActiveCfg = Debug|Any CPU
		{904b883f-0f87-c828-9666-d5fc6ddb8364}.Debug|Any CPU.Build.0 = Debug|Any CPU
		{a2f41486-6fe6-32b9-0946-8c5a8ce11916}.Debug|Any CPU.ActiveCfg = Debug|Any CPU
		{a2f41486-6fe6-32b9-0946-8c5a8ce11916}.Debug|Any CPU.Build.0 = Debug|Any CPU
		{f025d72d-a3c8-be90-9a45-046b82befdc3}.Debug|Any CPU.ActiveCfg = Debug|Any CPU
		{f025d72d-a3c8-be90-9a45-046b82befdc3}.Debug|Any CPU.Build.0 = Debug|Any CPU
		{a60b07e2-5bea-c1b3-def3-7c56f6d98bed}.Debug|Any CPU.ActiveCfg = Debug|Any CPU
		{a60b07e2-5bea-c1b3-def3-7c56f6d98bed}.Debug|Any CPU.Build.0 = Debug|Any CPU
		{c72236a9-91b4-c9b8-04db-4087560bf3cd}.Debug|Any CPU.ActiveCfg = Debug|Any CPU
		{c72236a9-91b4-c9b8-04db-4087560bf3cd}.Debug|Any CPU.Build.0 = Debug|Any CPU
		{f44ff068-b28a-911f-e167-8d796f5b8577}.Debug|Any CPU.ActiveCfg = Debug|Any CPU
		{f44ff068-b28a-911f-e167-8d796f5b8577}.Debug|Any CPU.Build.0 = Debug|Any CPU
		{76970f1d-2362-3cc4-8fd1-20a11add5ef8}.Debug|Any CPU.ActiveCfg = Debug|Any CPU
		{76970f1d-2362-3cc4-8fd1-20a11add5ef8}.Debug|Any CPU.Build.0 = Debug|Any CPU
		{413c96f5-64b2-6e78-cc9a-91497c54cc2f}.Debug|Any CPU.ActiveCfg = Debug|Any CPU
		{413c96f5-64b2-6e78-cc9a-91497c54cc2f}.Debug|Any CPU.Build.0 = Debug|Any CPU
		{b1089e7c-8f49-7e79-3462-ff3247f74a0b}.Debug|Any CPU.ActiveCfg = Debug|Any CPU
		{b1089e7c-8f49-7e79-3462-ff3247f74a0b}.Debug|Any CPU.Build.0 = Debug|Any CPU
		{4e45a857-4d8a-ad68-204c-d8075070edd3}.Debug|Any CPU.ActiveCfg = Debug|Any CPU
		{4e45a857-4d8a-ad68-204c-d8075070edd3}.Debug|Any CPU.Build.0 = Debug|Any CPU
		{62c15e5f-44fe-10c8-83dc-f47fd7d704c4}.Debug|Any CPU.ActiveCfg = Debug|Any CPU
		{62c15e5f-44fe-10c8-83dc-f47fd7d704c4}.Debug|Any CPU.Build.0 = Debug|Any CPU
		{25b50405-53cb-1571-4816-40d8341a0e49}.Debug|Any CPU.ActiveCfg = Debug|Any CPU
		{25b50405-53cb-1571-4816-40d8341a0e49}.Debug|Any CPU.Build.0 = Debug|Any CPU
		{c7b8f6d1-a18d-978c-9620-22498d7e5457}.Debug|Any CPU.ActiveCfg = Debug|Any CPU
		{c7b8f6d1-a18d-978c-9620-22498d7e5457}.Debug|Any CPU.Build.0 = Debug|Any CPU
		{690c7157-79a7-83f8-ab90-6c776e71dd1a}.Debug|Any CPU.ActiveCfg = Debug|Any CPU
		{690c7157-79a7-83f8-ab90-6c776e71dd1a}.Debug|Any CPU.Build.0 = Debug|Any CPU
		{65241aed-95c7-abd5-3908-935061728f8c}.Debug|Any CPU.ActiveCfg = Debug|Any CPU
		{65241aed-95c7-abd5-3908-935061728f8c}.Debug|Any CPU.Build.0 = Debug|Any CPU
	EndGlobalSection
	GlobalSection(SolutionProperties) = preSolution
		HideSolutionNode = FALSE
	EndGlobalSection
EndGlobal
